
Microsoft Visual Studio Solution File, Format Version 12.00
# Visual Studio 15
VisualStudioVersion = 15.0.27428.2037
MinimumVisualStudioVersion = 10.0.40219.1
Project("{FAE04EC0-301F-11D3-BF4B-00C04F79EFBC}") = "SampleApp", "SampleApp\SampleApp.csproj", "{C5C20915-3F59-48C2-8E92-BBCB28EB27AA}"
EndProject
Project("{FAE04EC0-301F-11D3-BF4B-00C04F79EFBC}") = "Collections", "ClassLibrary1\Collections.csproj", "{FCC84F3C-20D8-4ABE-A2E8-0691925B3EB8}"
EndProject
Global
	GlobalSection(SolutionConfigurationPlatforms) = preSolution
		Debug|Any CPU = Debug|Any CPU
		Release|Any CPU = Release|Any CPU
	EndGlobalSection
	GlobalSection(ProjectConfigurationPlatforms) = postSolution
		{C5C20915-3F59-48C2-8E92-BBCB28EB27AA}.Debug|Any CPU.ActiveCfg = Debug|Any CPU
		{C5C20915-3F59-48C2-8E92-BBCB28EB27AA}.Debug|Any CPU.Build.0 = Debug|Any CPU
		{C5C20915-3F59-48C2-8E92-BBCB28EB27AA}.Release|Any CPU.ActiveCfg = Release|Any CPU
		{C5C20915-3F59-48C2-8E92-BBCB28EB27AA}.Release|Any CPU.Build.0 = Release|Any CPU
		{FCC84F3C-20D8-4ABE-A2E8-0691925B3EB8}.Debug|Any CPU.ActiveCfg = Debug|Any CPU
		{FCC84F3C-20D8-4ABE-A2E8-0691925B3EB8}.Debug|Any CPU.Build.0 = Debug|Any CPU
		{FCC84F3C-20D8-4ABE-A2E8-0691925B3EB8}.Release|Any CPU.ActiveCfg = Release|Any CPU
		{FCC84F3C-20D8-4ABE-A2E8-0691925B3EB8}.Release|Any CPU.Build.0 = Release|Any CPU
	EndGlobalSection
	GlobalSection(SolutionProperties) = preSolution
		HideSolutionNode = FALSE
	EndGlobalSection
	GlobalSection(ExtensibilityGlobals) = postSolution
		SolutionGuid = {7DB4AA84-1948-4773-AFFF-1AC950A168A1}
	EndGlobalSection
EndGlobal
